// !$*UTF8*$!
{
	archiveVersion = 1;
	classes = {
	};
	objectVersion = 48;
	objects = {

/* Begin PBXBuildFile section */
		7DA694DE202D17A50012020B /* Simulation.swift in Sources */ = {isa = PBXBuildFile; fileRef = 7DA694DD202D17A50012020B /* Simulation.swift */; };
		7DA694E0202DB8E90012020B /* Canvas.swift in Sources */ = {isa = PBXBuildFile; fileRef = 7DA694DF202DB8E90012020B /* Canvas.swift */; };
		7DEADCE1202CFE2600615EB2 /* AppDelegate.swift in Sources */ = {isa = PBXBuildFile; fileRef = 7DEADCE0202CFE2600615EB2 /* AppDelegate.swift */; };
		7DEADCE3202CFE2600615EB2 /* ViewController.swift in Sources */ = {isa = PBXBuildFile; fileRef = 7DEADCE2202CFE2600615EB2 /* ViewController.swift */; };
		7DEADCE6202CFE2600615EB2 /* Main.storyboard in Resources */ = {isa = PBXBuildFile; fileRef = 7DEADCE4202CFE2600615EB2 /* Main.storyboard */; };
		7DEADCE8202CFE2600615EB2 /* Assets.xcassets in Resources */ = {isa = PBXBuildFile; fileRef = 7DEADCE7202CFE2600615EB2 /* Assets.xcassets */; };
		7DEADCEB202CFE2600615EB2 /* LaunchScreen.storyboard in Resources */ = {isa = PBXBuildFile; fileRef = 7DEADCE9202CFE2600615EB2 /* LaunchScreen.storyboard */; };
		7DEADCF4202CFFB900615EB2 /* verlet_grid.cpp in Sources */ = {isa = PBXBuildFile; fileRef = 7DEADCF3202CFFB900615EB2 /* verlet_grid.cpp */; };
/* End PBXBuildFile section */

/* Begin PBXFileReference section */
		7DA694DC202D04700012020B /* verlet_grid.h */ = {isa = PBXFileReference; lastKnownFileType = sourcecode.c.h; path = verlet_grid.h; sourceTree = "<group>"; };
		7DA694DD202D17A50012020B /* Simulation.swift */ = {isa = PBXFileReference; lastKnownFileType = sourcecode.swift; path = Simulation.swift; sourceTree = "<group>"; };
		7DA694DF202DB8E90012020B /* Canvas.swift */ = {isa = PBXFileReference; lastKnownFileType = sourcecode.swift; path = Canvas.swift; sourceTree = "<group>"; };
		7DEADCDD202CFE2600615EB2 /* MolecularAssignment.app */ = {isa = PBXFileReference; explicitFileType = wrapper.application; includeInIndex = 0; path = MolecularAssignment.app; sourceTree = BUILT_PRODUCTS_DIR; };
		7DEADCE0202CFE2600615EB2 /* AppDelegate.swift */ = {isa = PBXFileReference; lastKnownFileType = sourcecode.swift; path = AppDelegate.swift; sourceTree = "<group>"; };
		7DEADCE2202CFE2600615EB2 /* ViewController.swift */ = {isa = PBXFileReference; lastKnownFileType = sourcecode.swift; path = ViewController.swift; sourceTree = "<group>"; };
		7DEADCE5202CFE2600615EB2 /* Base */ = {isa = PBXFileReference; lastKnownFileType = file.storyboard; name = Base; path = Base.lproj/Main.storyboard; sourceTree = "<group>"; };
		7DEADCE7202CFE2600615EB2 /* Assets.xcassets */ = {isa = PBXFileReference; lastKnownFileType = folder.assetcatalog; path = Assets.xcassets; sourceTree = "<group>"; };
		7DEADCEA202CFE2600615EB2 /* Base */ = {isa = PBXFileReference; lastKnownFileType = file.storyboard; name = Base; path = Base.lproj/LaunchScreen.storyboard; sourceTree = "<group>"; };
		7DEADCEC202CFE2600615EB2 /* Info.plist */ = {isa = PBXFileReference; lastKnownFileType = text.plist.xml; path = Info.plist; sourceTree = "<group>"; };
		7DEADCF2202CFFB800615EB2 /* MolecularAssignment-Bridging-Header.h */ = {isa = PBXFileReference; lastKnownFileType = sourcecode.c.h; path = "MolecularAssignment-Bridging-Header.h"; sourceTree = "<group>"; };
		7DEADCF3202CFFB900615EB2 /* verlet_grid.cpp */ = {isa = PBXFileReference; fileEncoding = 4; lastKnownFileType = sourcecode.cpp.cpp; path = verlet_grid.cpp; sourceTree = "<group>"; };
/* End PBXFileReference section */

/* Begin PBXFrameworksBuildPhase section */
		7DEADCDA202CFE2600615EB2 /* Frameworks */ = {
			isa = PBXFrameworksBuildPhase;
			buildActionMask = 2147483647;
			files = (
			);
			runOnlyForDeploymentPostprocessing = 0;
		};
/* End PBXFrameworksBuildPhase section */

/* Begin PBXGroup section */
		7DEADCD4202CFE2600615EB2 = {
			isa = PBXGroup;
			children = (
				7DEADCDF202CFE2600615EB2 /* MolecularAssignment */,
				7DEADCDE202CFE2600615EB2 /* Products */,
			);
			sourceTree = "<group>";
		};
		7DEADCDE202CFE2600615EB2 /* Products */ = {
			isa = PBXGroup;
			children = (
				7DEADCDD202CFE2600615EB2 /* MolecularAssignment.app */,
			);
			name = Products;
			sourceTree = "<group>";
		};
		7DEADCDF202CFE2600615EB2 /* MolecularAssignment */ = {
			isa = PBXGroup;
			children = (
				7DEADCE0202CFE2600615EB2 /* AppDelegate.swift */,
				7DEADCE2202CFE2600615EB2 /* ViewController.swift */,
				7DA694DD202D17A50012020B /* Simulation.swift */,
				7DA694DF202DB8E90012020B /* Canvas.swift */,
				7DA694DC202D04700012020B /* verlet_grid.h */,
				7DEADCF3202CFFB900615EB2 /* verlet_grid.cpp */,
				7DEADCE4202CFE2600615EB2 /* Main.storyboard */,
				7DEADCE9202CFE2600615EB2 /* LaunchScreen.storyboard */,
				7DEADCE7202CFE2600615EB2 /* Assets.xcassets */,
				7DEADCEC202CFE2600615EB2 /* Info.plist */,
				7DEADCF2202CFFB800615EB2 /* MolecularAssignment-Bridging-Header.h */,
			);
			path = MolecularAssignment;
			sourceTree = "<group>";
		};
/* End PBXGroup section */

/* Begin PBXNativeTarget section */
		7DEADCDC202CFE2600615EB2 /* MolecularAssignment */ = {
			isa = PBXNativeTarget;
			buildConfigurationList = 7DEADCEF202CFE2600615EB2 /* Build configuration list for PBXNativeTarget "MolecularAssignment" */;
			buildPhases = (
				7DEADCD9202CFE2600615EB2 /* Sources */,
				7DEADCDA202CFE2600615EB2 /* Frameworks */,
				7DEADCDB202CFE2600615EB2 /* Resources */,
			);
			buildRules = (
			);
			dependencies = (
			);
			name = MolecularAssignment;
			productName = MolecularAssignment;
			productReference = 7DEADCDD202CFE2600615EB2 /* MolecularAssignment.app */;
			productType = "com.apple.product-type.application";
		};
/* End PBXNativeTarget section */

/* Begin PBXProject section */
		7DEADCD5202CFE2600615EB2 /* Project object */ = {
			isa = PBXProject;
			attributes = {
				LastSwiftUpdateCheck = 0920;
				LastUpgradeCheck = 0920;
				ORGANIZATIONNAME = "Cristian Ilea";
				TargetAttributes = {
					7DEADCDC202CFE2600615EB2 = {
						CreatedOnToolsVersion = 9.2;
						LastSwiftMigration = 0920;
						ProvisioningStyle = Automatic;
					};
				};
			};
			buildConfigurationList = 7DEADCD8202CFE2600615EB2 /* Build configuration list for PBXProject "MolecularAssignment" */;
			compatibilityVersion = "Xcode 8.0";
			developmentRegion = en;
			hasScannedForEncodings = 0;
			knownRegions = (
				en,
				Base,
			);
			mainGroup = 7DEADCD4202CFE2600615EB2;
			productRefGroup = 7DEADCDE202CFE2600615EB2 /* Products */;
			projectDirPath = "";
			projectRoot = "";
			targets = (
				7DEADCDC202CFE2600615EB2 /* MolecularAssignment */,
			);
		};
/* End PBXProject section */

/* Begin PBXResourcesBuildPhase section */
		7DEADCDB202CFE2600615EB2 /* Resources */ = {
			isa = PBXResourcesBuildPhase;
			buildActionMask = 2147483647;
			files = (
				7DEADCEB202CFE2600615EB2 /* LaunchScreen.storyboard in Resources */,
				7DEADCE8202CFE2600615EB2 /* Assets.xcassets in Resources */,
				7DEADCE6202CFE2600615EB2 /* Main.storyboard in Resources */,
			);
			runOnlyForDeploymentPostprocessing = 0;
		};
/* End PBXResourcesBuildPhase section */

/* Begin PBXSourcesBuildPhase section */
		7DEADCD9202CFE2600615EB2 /* Sources */ = {
			isa = PBXSourcesBuildPhase;
			buildActionMask = 2147483647;
			files = (
				7DEADCE3202CFE2600615EB2 /* ViewController.swift in Sources */,
				7DA694DE202D17A50012020B /* Simulation.swift in Sources */,
				7DEADCE1202CFE2600615EB2 /* AppDelegate.swift in Sources */,
				7DA694E0202DB8E90012020B /* Canvas.swift in Sources */,
				7DEADCF4202CFFB900615EB2 /* verlet_grid.cpp in Sources */,
			);
			runOnlyForDeploymentPostprocessing = 0;
		};
/* End PBXSourcesBuildPhase section */

/* Begin PBXVariantGroup section */
		7DEADCE4202CFE2600615EB2 /* Main.storyboard */ = {
			isa = PBXVariantGroup;
			children = (
				7DEADCE5202CFE2600615EB2 /* Base */,
			);
			name = Main.storyboard;
			sourceTree = "<group>";
		};
		7DEADCE9202CFE2600615EB2 /* LaunchScreen.storyboard */ = {
			isa = PBXVariantGroup;
			children = (
				7DEADCEA202CFE2600615EB2 /* Base */,
			);
			name = LaunchScreen.storyboard;
			sourceTree = "<group>";
		};
/* End PBXVariantGroup section */

/* Begin XCBuildConfiguration section */
		7DEADCED202CFE2600615EB2 /* Debug */ = {
			isa = XCBuildConfiguration;
			buildSettings = {
				ALWAYS_SEARCH_USER_PATHS = NO;
				CLANG_ANALYZER_NONNULL = YES;
				CLANG_ANALYZER_NUMBER_OBJECT_CONVERSION = YES_AGGRESSIVE;
				CLANG_CXX_LANGUAGE_STANDARD = "gnu++14";
				CLANG_CXX_LIBRARY = "libc++";
				CLANG_ENABLE_MODULES = YES;
				CLANG_ENABLE_OBJC_ARC = YES;
				CLANG_WARN_BLOCK_CAPTURE_AUTORELEASING = YES;
				CLANG_WARN_BOOL_CONVERSION = YES;
				CLANG_WARN_COMMA = YES;
				CLANG_WARN_CONSTANT_CONVERSION = YES;
				CLANG_WARN_DIRECT_OBJC_ISA_USAGE = YES_ERROR;
				CLANG_WARN_DOCUMENTATION_COMMENTS = YES;
				CLANG_WARN_EMPTY_BODY = YES;
				CLANG_WARN_ENUM_CONVERSION = YES;
				CLANG_WARN_INFINITE_RECURSION = YES;
				CLANG_WARN_INT_CONVERSION = YES;
				CLANG_WARN_NON_LITERAL_NULL_CONVERSION = YES;
				CLANG_WARN_OBJC_LITERAL_CONVERSION = YES;
				CLANG_WARN_OBJC_ROOT_CLASS = YES_ERROR;
				CLANG_WARN_RANGE_LOOP_ANALYSIS = YES;
				CLANG_WARN_STRICT_PROTOTYPES = YES;
				CLANG_WARN_SUSPICIOUS_MOVE = YES;
				CLANG_WARN_UNGUARDED_AVAILABILITY = YES_AGGRESSIVE;
				CLANG_WARN_UNREACHABLE_CODE = YES;
				CLANG_WARN__DUPLICATE_METHOD_MATCH = YES;
				CODE_SIGN_IDENTITY = "iPhone Developer";
				COPY_PHASE_STRIP = NO;
				DEBUG_INFORMATION_FORMAT = dwarf;
				ENABLE_STRICT_OBJC_MSGSEND = YES;
				ENABLE_TESTABILITY = YES;
				GCC_C_LANGUAGE_STANDARD = gnu11;
				GCC_DYNAMIC_NO_PIC = NO;
				GCC_NO_COMMON_BLOCKS = YES;
				GCC_OPTIMIZATION_LEVEL = 0;
				GCC_PREPROCESSOR_DEFINITIONS = (
					"DEBUG=1",
					"$(inherited)",
				);
				GCC_WARN_64_TO_32_BIT_CONVERSION = YES;
				GCC_WARN_ABOUT_RETURN_TYPE = YES_ERROR;
				GCC_WARN_UNDECLARED_SELECTOR = YES;
				GCC_WARN_UNINITIALIZED_AUTOS = YES_AGGRESSIVE;
				GCC_WARN_UNUSED_FUNCTION = YES;
				GCC_WARN_UNUSED_VARIABLE = YES;
				IPHONEOS_DEPLOYMENT_TARGET = 11.2;
				MTL_ENABLE_DEBUG_INFO = YES;
				ONLY_ACTIVE_ARCH = YES;
				SDKROOT = iphoneos;
				SWIFT_ACTIVE_COMPILATION_CONDITIONS = DEBUG;
				SWIFT_OPTIMIZATION_LEVEL = "-Onone";
			};
			name = Debug;
		};
		7DEADCEE202CFE2600615EB2 /* Release */ = {
			isa = XCBuildConfiguration;
			buildSettings = {
				ALWAYS_SEARCH_USER_PATHS = NO;
				CLANG_ANALYZER_NONNULL = YES;
				CLANG_ANALYZER_NUMBER_OBJECT_CONVERSION = YES_AGGRESSIVE;
				CLANG_CXX_LANGUAGE_STANDARD = "gnu++14";
				CLANG_CXX_LIBRARY = "libc++";
				CLANG_ENABLE_MODULES = YES;
				CLANG_ENABLE_OBJC_ARC = YES;
				CLANG_WARN_BLOCK_CAPTURE_AUTORELEASING = YES;
				CLANG_WARN_BOOL_CONVERSION = YES;
				CLANG_WARN_COMMA = YES;
				CLANG_WARN_CONSTANT_CONVERSION = YES;
				CLANG_WARN_DIRECT_OBJC_ISA_USAGE = YES_ERROR;
				CLANG_WARN_DOCUMENTATION_COMMENTS = YES;
				CLANG_WARN_EMPTY_BODY = YES;
				CLANG_WARN_ENUM_CONVERSION = YES;
				CLANG_WARN_INFINITE_RECURSION = YES;
				CLANG_WARN_INT_CONVERSION = YES;
				CLANG_WARN_NON_LITERAL_NULL_CONVERSION = YES;
				CLANG_WARN_OBJC_LITERAL_CONVERSION = YES;
				CLANG_WARN_OBJC_ROOT_CLASS = YES_ERROR;
				CLANG_WARN_RANGE_LOOP_ANALYSIS = YES;
				CLANG_WARN_STRICT_PROTOTYPES = YES;
				CLANG_WARN_SUSPICIOUS_MOVE = YES;
				CLANG_WARN_UNGUARDED_AVAILABILITY = YES_AGGRESSIVE;
				CLANG_WARN_UNREACHABLE_CODE = YES;
				CLANG_WARN__DUPLICATE_METHOD_MATCH = YES;
				CODE_SIGN_IDENTITY = "iPhone Developer";
				COPY_PHASE_STRIP = NO;
				DEBUG_INFORMATION_FORMAT = "dwarf-with-dsym";
				ENABLE_NS_ASSERTIONS = NO;
				ENABLE_STRICT_OBJC_MSGSEND = YES;
				GCC_C_LANGUAGE_STANDARD = gnu11;
				GCC_NO_COMMON_BLOCKS = YES;
				GCC_WARN_64_TO_32_BIT_CONVERSION = YES;
				GCC_WARN_ABOUT_RETURN_TYPE = YES_ERROR;
				GCC_WARN_UNDECLARED_SELECTOR = YES;
				GCC_WARN_UNINITIALIZED_AUTOS = YES_AGGRESSIVE;
				GCC_WARN_UNUSED_FUNCTION = YES;
				GCC_WARN_UNUSED_VARIABLE = YES;
				IPHONEOS_DEPLOYMENT_TARGET = 11.2;
				MTL_ENABLE_DEBUG_INFO = NO;
				SDKROOT = iphoneos;
				SWIFT_OPTIMIZATION_LEVEL = "-Owholemodule";
				VALIDATE_PRODUCT = YES;
			};
			name = Release;
		};
		7DEADCF0202CFE2600615EB2 /* Debug */ = {
			isa = XCBuildConfiguration;
			buildSettings = {
				ASSETCATALOG_COMPILER_APPICON_NAME = AppIcon;
				CLANG_ENABLE_MODULES = YES;
				CODE_SIGN_STYLE = Automatic;
				DEVELOPMENT_TEAM = 7F652V3TQM;
				GCC_OPTIMIZATION_LEVEL = fast;
				INFOPLIST_FILE = MolecularAssignment/Info.plist;
				LD_RUNPATH_SEARCH_PATHS = "$(inherited) @executable_path/Frameworks";
				PRODUCT_BUNDLE_IDENTIFIER = ileacristian.com.MolecularAssignment;
				PRODUCT_NAME = "$(TARGET_NAME)";
				SWIFT_OBJC_BRIDGING_HEADER = "MolecularAssignment/MolecularAssignment-Bridging-Header.h";
				SWIFT_OPTIMIZATION_LEVEL = "-Owholemodule";
				SWIFT_VERSION = 4.0;
				TARGETED_DEVICE_FAMILY = 2;
			};
			name = Debug;
		};
		7DEADCF1202CFE2600615EB2 /* Release */ = {
			isa = XCBuildConfiguration;
			buildSettings = {
				ASSETCATALOG_COMPILER_APPICON_NAME = AppIcon;
				CLANG_ENABLE_MODULES = YES;
				CODE_SIGN_STYLE = Automatic;
				DEVELOPMENT_TEAM = 7F652V3TQM;
				INFOPLIST_FILE = MolecularAssignment/Info.plist;
				LD_RUNPATH_SEARCH_PATHS = "$(inherited) @executable_path/Frameworks";
				PRODUCT_BUNDLE_IDENTIFIER = ileacristian.com.MolecularAssignment;
				PRODUCT_NAME = "$(TARGET_NAME)";
				SWIFT_OBJC_BRIDGING_HEADER = "MolecularAssignment/MolecularAssignment-Bridging-Header.h";
				SWIFT_OPTIMIZATION_LEVEL = "-Owholemodule";
				SWIFT_VERSION = 4.0;
				TARGETED_DEVICE_FAMILY = 2;
			};
			name = Release;
		};
/* End XCBuildConfiguration section */

/* Begin XCConfigurationList section */
		7DEADCD8202CFE2600615EB2 /* Build configuration list for PBXProject "MolecularAssignment" */ = {
			isa = XCConfigurationList;
			buildConfigurations = (
				7DEADCED202CFE2600615EB2 /* Debug */,
				7DEADCEE202CFE2600615EB2 /* Release */,
			);
			defaultConfigurationIsVisible = 0;
			defaultConfigurationName = Release;
		};
		7DEADCEF202CFE2600615EB2 /* Build configuration list for PBXNativeTarget "MolecularAssignment" */ = {
			isa = XCConfigurationList;
			buildConfigurations = (
				7DEADCF0202CFE2600615EB2 /* Debug */,
				7DEADCF1202CFE2600615EB2 /* Release */,
			);
			defaultConfigurationIsVisible = 0;
			defaultConfigurationName = Release;
		};
/* End XCConfigurationList section */
	};
	rootObject = 7DEADCD5202CFE2600615EB2 /* Project object */;
}
